
Microsoft Visual Studio Solution File, Format Version 12.00
# Visual Studio Version 16
VisualStudioVersion = 16.0.30907.101
MinimumVisualStudioVersion = 10.0.40219.1
Project("{FAE04EC0-301F-11D3-BF4B-00C04F79EFBC}") = "MyDictionaryGenerics", "MyDictionaryGenerics\MyDictionaryGenerics.csproj", "{55176C4E-2071-433C-9F9C-5073C1F92232}"
EndProject
Global
	GlobalSection(SolutionConfigurationPlatforms) = preSolution
		Debug|Any CPU = Debug|Any CPU
		Release|Any CPU = Release|Any CPU
	EndGlobalSection
	GlobalSection(ProjectConfigurationPlatforms) = postSolution
		{55176C4E-2071-433C-9F9C-5073C1F92232}.Debug|Any CPU.ActiveCfg = Debug|Any CPU
		{55176C4E-2071-433C-9F9C-5073C1F92232}.Debug|Any CPU.Build.0 = Debug|Any CPU
		{55176C4E-2071-433C-9F9C-5073C1F92232}.Release|Any CPU.ActiveCfg = Release|Any CPU
		{55176C4E-2071-433C-9F9C-5073C1F92232}.Release|Any CPU.Build.0 = Release|Any CPU
	EndGlobalSection
	GlobalSection(SolutionProperties) = preSolution
		HideSolutionNode = FALSE
	EndGlobalSection
	GlobalSection(ExtensibilityGlobals) = postSolution
		SolutionGuid = {6322BC76-F7C8-47FD-920A-74CE259D6FB9}
	EndGlobalSection
EndGlobal
